
Microsoft Visual Studio Solution File, Format Version 12.00
# Visual Studio Version 16
VisualStudioVersion = 16.0.30621.155
MinimumVisualStudioVersion = 10.0.40219.1
Project("{FAE04EC0-301F-11D3-BF4B-00C04F79EFBC}") = "Week14-delegates", "Week14-delegates\Week14-delegates.csproj", "{74987375-9156-47BB-A14D-F3C8087CD3FE}"
EndProject
Global
	GlobalSection(SolutionConfigurationPlatforms) = preSolution
		Debug|Any CPU = Debug|Any CPU
		Release|Any CPU = Release|Any CPU
	EndGlobalSection
	GlobalSection(ProjectConfigurationPlatforms) = postSolution
		{74987375-9156-47BB-A14D-F3C8087CD3FE}.Debug|Any CPU.ActiveCfg = Debug|Any CPU
		{74987375-9156-47BB-A14D-F3C8087CD3FE}.Debug|Any CPU.Build.0 = Debug|Any CPU
		{74987375-9156-47BB-A14D-F3C8087CD3FE}.Release|Any CPU.ActiveCfg = Release|Any CPU
		{74987375-9156-47BB-A14D-F3C8087CD3FE}.Release|Any CPU.Build.0 = Release|Any CPU
	EndGlobalSection
	GlobalSection(SolutionProperties) = preSolution
		HideSolutionNode = FALSE
	EndGlobalSection
	GlobalSection(ExtensibilityGlobals) = postSolution
		SolutionGuid = {BEFE065F-F29D-4F64-9D83-456A21B6A56C}
	EndGlobalSection
EndGlobal
