
Microsoft Visual Studio Solution File, Format Version 12.00
# Visual Studio 15
Project("{FAE04EC0-301F-11D3-BF4B-00C04F79EFBC}") = "part1", "part1\part1.csproj", "{2B6D55E1-15EE-442D-A605-2309B83C855C}"
EndProject
Project("{FAE04EC0-301F-11D3-BF4B-00C04F79EFBC}") = "Part2", "Part2\Part2.csproj", "{E99D9BD9-DD86-4177-9BC0-B089F79512F9}"
EndProject
Global
	GlobalSection(SolutionConfigurationPlatforms) = preSolution
		Debug|Any CPU = Debug|Any CPU
		Release|Any CPU = Release|Any CPU
	EndGlobalSection
	GlobalSection(ProjectConfigurationPlatforms) = postSolution
		{2B6D55E1-15EE-442D-A605-2309B83C855C}.Debug|Any CPU.ActiveCfg = Debug|Any CPU
		{2B6D55E1-15EE-442D-A605-2309B83C855C}.Debug|Any CPU.Build.0 = Debug|Any CPU
		{2B6D55E1-15EE-442D-A605-2309B83C855C}.Release|Any CPU.ActiveCfg = Release|Any CPU
		{2B6D55E1-15EE-442D-A605-2309B83C855C}.Release|Any CPU.Build.0 = Release|Any CPU
		{E99D9BD9-DD86-4177-9BC0-B089F79512F9}.Debug|Any CPU.ActiveCfg = Debug|Any CPU
		{E99D9BD9-DD86-4177-9BC0-B089F79512F9}.Debug|Any CPU.Build.0 = Debug|Any CPU
		{E99D9BD9-DD86-4177-9BC0-B089F79512F9}.Release|Any CPU.ActiveCfg = Release|Any CPU
		{E99D9BD9-DD86-4177-9BC0-B089F79512F9}.Release|Any CPU.Build.0 = Release|Any CPU
	EndGlobalSection
EndGlobal
