
Microsoft Visual Studio Solution File, Format Version 12.00
# Visual Studio Version 16
VisualStudioVersion = 16.0.30621.155
MinimumVisualStudioVersion = 10.0.40219.1
Project("{FAE04EC0-301F-11D3-BF4B-00C04F79EFBC}") = "Homework10", "Homework10\Homework10.csproj", "{166CA1B3-E226-4B3F-AF52-1319381B9835}"
EndProject
Global
	GlobalSection(SolutionConfigurationPlatforms) = preSolution
		Debug|Any CPU = Debug|Any CPU
		Release|Any CPU = Release|Any CPU
	EndGlobalSection
	GlobalSection(ProjectConfigurationPlatforms) = postSolution
		{166CA1B3-E226-4B3F-AF52-1319381B9835}.Debug|Any CPU.ActiveCfg = Debug|Any CPU
		{166CA1B3-E226-4B3F-AF52-1319381B9835}.Debug|Any CPU.Build.0 = Debug|Any CPU
		{166CA1B3-E226-4B3F-AF52-1319381B9835}.Release|Any CPU.ActiveCfg = Release|Any CPU
		{166CA1B3-E226-4B3F-AF52-1319381B9835}.Release|Any CPU.Build.0 = Release|Any CPU
	EndGlobalSection
	GlobalSection(SolutionProperties) = preSolution
		HideSolutionNode = FALSE
	EndGlobalSection
	GlobalSection(ExtensibilityGlobals) = postSolution
		SolutionGuid = {8A6411F9-FEDD-419F-85C4-428E736398C6}
	EndGlobalSection
EndGlobal
