
Microsoft Visual Studio Solution File, Format Version 12.00
# Visual Studio Version 16
VisualStudioVersion = 16.0.30621.155
MinimumVisualStudioVersion = 10.0.40219.1
Project("{FAE04EC0-301F-11D3-BF4B-00C04F79EFBC}") = "week 12 examples", "week 12 examples\week 12 examples.csproj", "{B76AB449-FD63-4FE1-96BD-67AAB5342B83}"
EndProject
Project("{FAE04EC0-301F-11D3-BF4B-00C04F79EFBC}") = "anonymous object - passbyReference", "anonymous object - passbyReference\anonymous object - passbyReference.csproj", "{9BF473B7-571F-4CA7-9E62-CCA90CBA72F3}"
EndProject
Global
	GlobalSection(SolutionConfigurationPlatforms) = preSolution
		Debug|Any CPU = Debug|Any CPU
		Release|Any CPU = Release|Any CPU
	EndGlobalSection
	GlobalSection(ProjectConfigurationPlatforms) = postSolution
		{B76AB449-FD63-4FE1-96BD-67AAB5342B83}.Debug|Any CPU.ActiveCfg = Debug|Any CPU
		{B76AB449-FD63-4FE1-96BD-67AAB5342B83}.Debug|Any CPU.Build.0 = Debug|Any CPU
		{B76AB449-FD63-4FE1-96BD-67AAB5342B83}.Release|Any CPU.ActiveCfg = Release|Any CPU
		{B76AB449-FD63-4FE1-96BD-67AAB5342B83}.Release|Any CPU.Build.0 = Release|Any CPU
		{9BF473B7-571F-4CA7-9E62-CCA90CBA72F3}.Debug|Any CPU.ActiveCfg = Debug|Any CPU
		{9BF473B7-571F-4CA7-9E62-CCA90CBA72F3}.Debug|Any CPU.Build.0 = Debug|Any CPU
		{9BF473B7-571F-4CA7-9E62-CCA90CBA72F3}.Release|Any CPU.ActiveCfg = Release|Any CPU
		{9BF473B7-571F-4CA7-9E62-CCA90CBA72F3}.Release|Any CPU.Build.0 = Release|Any CPU
	EndGlobalSection
	GlobalSection(SolutionProperties) = preSolution
		HideSolutionNode = FALSE
	EndGlobalSection
	GlobalSection(ExtensibilityGlobals) = postSolution
		SolutionGuid = {A43F93DF-54BC-4D21-91ED-606955192918}
	EndGlobalSection
EndGlobal
