
Microsoft Visual Studio Solution File, Format Version 12.00
# Visual Studio 15
Project("{FAE04EC0-301F-11D3-BF4B-00C04F79EFBC}") = "Project1", "Project1\Project1.csproj", "{65BC5D67-B5B6-4278-9C3B-7BCC041376D1}"
EndProject
Project("{FAE04EC0-301F-11D3-BF4B-00C04F79EFBC}") = "Project2", "Project2\Project2.csproj", "{B67867C5-C83A-4C48-8F5B-DB305E0464AC}"
EndProject
Global
	GlobalSection(SolutionConfigurationPlatforms) = preSolution
		Debug|Any CPU = Debug|Any CPU
		Release|Any CPU = Release|Any CPU
	EndGlobalSection
	GlobalSection(ProjectConfigurationPlatforms) = postSolution
		{65BC5D67-B5B6-4278-9C3B-7BCC041376D1}.Debug|Any CPU.ActiveCfg = Debug|Any CPU
		{65BC5D67-B5B6-4278-9C3B-7BCC041376D1}.Debug|Any CPU.Build.0 = Debug|Any CPU
		{65BC5D67-B5B6-4278-9C3B-7BCC041376D1}.Release|Any CPU.ActiveCfg = Release|Any CPU
		{65BC5D67-B5B6-4278-9C3B-7BCC041376D1}.Release|Any CPU.Build.0 = Release|Any CPU
		{B67867C5-C83A-4C48-8F5B-DB305E0464AC}.Debug|Any CPU.ActiveCfg = Debug|Any CPU
		{B67867C5-C83A-4C48-8F5B-DB305E0464AC}.Debug|Any CPU.Build.0 = Debug|Any CPU
		{B67867C5-C83A-4C48-8F5B-DB305E0464AC}.Release|Any CPU.ActiveCfg = Release|Any CPU
		{B67867C5-C83A-4C48-8F5B-DB305E0464AC}.Release|Any CPU.Build.0 = Release|Any CPU
	EndGlobalSection
EndGlobal
