
Microsoft Visual Studio Solution File, Format Version 12.00
# Visual Studio Version 16
VisualStudioVersion = 16.0.30503.244
MinimumVisualStudioVersion = 10.0.40219.1
Project("{FAE04EC0-301F-11D3-BF4B-00C04F79EFBC}") = "part1", "part1\part1.csproj", "{ABB07A65-05FE-476E-B94C-47EB32A0D78F}"
EndProject
Global
	GlobalSection(SolutionConfigurationPlatforms) = preSolution
		Debug|Any CPU = Debug|Any CPU
		Release|Any CPU = Release|Any CPU
	EndGlobalSection
	GlobalSection(ProjectConfigurationPlatforms) = postSolution
		{ABB07A65-05FE-476E-B94C-47EB32A0D78F}.Debug|Any CPU.ActiveCfg = Debug|Any CPU
		{ABB07A65-05FE-476E-B94C-47EB32A0D78F}.Debug|Any CPU.Build.0 = Debug|Any CPU
		{ABB07A65-05FE-476E-B94C-47EB32A0D78F}.Release|Any CPU.ActiveCfg = Release|Any CPU
		{ABB07A65-05FE-476E-B94C-47EB32A0D78F}.Release|Any CPU.Build.0 = Release|Any CPU
	EndGlobalSection
	GlobalSection(SolutionProperties) = preSolution
		HideSolutionNode = FALSE
	EndGlobalSection
	GlobalSection(ExtensibilityGlobals) = postSolution
		SolutionGuid = {A0BF0800-5EC4-44AC-958B-C1DDC0C82A53}
	EndGlobalSection
EndGlobal
