
Microsoft Visual Studio Solution File, Format Version 12.00
# Visual Studio Version 16
VisualStudioVersion = 16.0.30503.244
MinimumVisualStudioVersion = 10.0.40219.1
Project("{FAE04EC0-301F-11D3-BF4B-00C04F79EFBC}") = "lab1", "lab1\lab1.csproj", "{5779DB73-5B90-47A2-9070-60CAA9837CBB}"
EndProject
Project("{FAE04EC0-301F-11D3-BF4B-00C04F79EFBC}") = "lab2", "lab2\lab2.csproj", "{45105C5C-E494-4356-B553-3E4D1FE47506}"
EndProject
Global
	GlobalSection(SolutionConfigurationPlatforms) = preSolution
		Debug|Any CPU = Debug|Any CPU
		Release|Any CPU = Release|Any CPU
	EndGlobalSection
	GlobalSection(ProjectConfigurationPlatforms) = postSolution
		{5779DB73-5B90-47A2-9070-60CAA9837CBB}.Debug|Any CPU.ActiveCfg = Debug|Any CPU
		{5779DB73-5B90-47A2-9070-60CAA9837CBB}.Debug|Any CPU.Build.0 = Debug|Any CPU
		{5779DB73-5B90-47A2-9070-60CAA9837CBB}.Release|Any CPU.ActiveCfg = Release|Any CPU
		{5779DB73-5B90-47A2-9070-60CAA9837CBB}.Release|Any CPU.Build.0 = Release|Any CPU
		{45105C5C-E494-4356-B553-3E4D1FE47506}.Debug|Any CPU.ActiveCfg = Debug|Any CPU
		{45105C5C-E494-4356-B553-3E4D1FE47506}.Debug|Any CPU.Build.0 = Debug|Any CPU
		{45105C5C-E494-4356-B553-3E4D1FE47506}.Release|Any CPU.ActiveCfg = Release|Any CPU
		{45105C5C-E494-4356-B553-3E4D1FE47506}.Release|Any CPU.Build.0 = Release|Any CPU
	EndGlobalSection
	GlobalSection(SolutionProperties) = preSolution
		HideSolutionNode = FALSE
	EndGlobalSection
	GlobalSection(ExtensibilityGlobals) = postSolution
		SolutionGuid = {F3AFCFFB-614E-489B-BA38-8D6F1750AC6B}
	EndGlobalSection
EndGlobal
