
Microsoft Visual Studio Solution File, Format Version 12.00
# Visual Studio Version 16
VisualStudioVersion = 16.0.30611.23
MinimumVisualStudioVersion = 10.0.40219.1
Project("{FAE04EC0-301F-11D3-BF4B-00C04F79EFBC}") = "Homework8", "Homework8\Homework8.csproj", "{E879F01D-9C7D-40C1-B529-5FFA3ECA9D0A}"
EndProject
Global
	GlobalSection(SolutionConfigurationPlatforms) = preSolution
		Debug|Any CPU = Debug|Any CPU
		Release|Any CPU = Release|Any CPU
	EndGlobalSection
	GlobalSection(ProjectConfigurationPlatforms) = postSolution
		{E879F01D-9C7D-40C1-B529-5FFA3ECA9D0A}.Debug|Any CPU.ActiveCfg = Debug|Any CPU
		{E879F01D-9C7D-40C1-B529-5FFA3ECA9D0A}.Debug|Any CPU.Build.0 = Debug|Any CPU
		{E879F01D-9C7D-40C1-B529-5FFA3ECA9D0A}.Release|Any CPU.ActiveCfg = Release|Any CPU
		{E879F01D-9C7D-40C1-B529-5FFA3ECA9D0A}.Release|Any CPU.Build.0 = Release|Any CPU
	EndGlobalSection
	GlobalSection(SolutionProperties) = preSolution
		HideSolutionNode = FALSE
	EndGlobalSection
	GlobalSection(ExtensibilityGlobals) = postSolution
		SolutionGuid = {B8FD40FF-6D11-4348-AEB5-FAB6A29A8605}
	EndGlobalSection
EndGlobal
