
Microsoft Visual Studio Solution File, Format Version 12.00
# Visual Studio Version 16
VisualStudioVersion = 16.0.30621.155
MinimumVisualStudioVersion = 10.0.40219.1
Project("{FAE04EC0-301F-11D3-BF4B-00C04F79EFBC}") = "Lab10", "Lab10\Lab10.csproj", "{766AA8AB-0831-4654-AEB9-DBB4CE79191E}"
EndProject
Global
	GlobalSection(SolutionConfigurationPlatforms) = preSolution
		Debug|Any CPU = Debug|Any CPU
		Release|Any CPU = Release|Any CPU
	EndGlobalSection
	GlobalSection(ProjectConfigurationPlatforms) = postSolution
		{766AA8AB-0831-4654-AEB9-DBB4CE79191E}.Debug|Any CPU.ActiveCfg = Debug|Any CPU
		{766AA8AB-0831-4654-AEB9-DBB4CE79191E}.Debug|Any CPU.Build.0 = Debug|Any CPU
		{766AA8AB-0831-4654-AEB9-DBB4CE79191E}.Release|Any CPU.ActiveCfg = Release|Any CPU
		{766AA8AB-0831-4654-AEB9-DBB4CE79191E}.Release|Any CPU.Build.0 = Release|Any CPU
	EndGlobalSection
	GlobalSection(SolutionProperties) = preSolution
		HideSolutionNode = FALSE
	EndGlobalSection
	GlobalSection(ExtensibilityGlobals) = postSolution
		SolutionGuid = {6096E6D9-2279-4D2E-808C-E8D738295C57}
	EndGlobalSection
EndGlobal
