
Microsoft Visual Studio Solution File, Format Version 12.00
# Visual Studio 15
Project("{FAE04EC0-301F-11D3-BF4B-00C04F79EFBC}") = "cs112_L04_DND", "cs112_L04_DND\cs112_L04_DND.csproj", "{997E8761-ECD8-4899-AA6E-812C9C53BFA4}"
EndProject
Global
	GlobalSection(SolutionConfigurationPlatforms) = preSolution
		Debug|Any CPU = Debug|Any CPU
		Release|Any CPU = Release|Any CPU
	EndGlobalSection
	GlobalSection(ProjectConfigurationPlatforms) = postSolution
		{997E8761-ECD8-4899-AA6E-812C9C53BFA4}.Debug|Any CPU.ActiveCfg = Debug|Any CPU
		{997E8761-ECD8-4899-AA6E-812C9C53BFA4}.Debug|Any CPU.Build.0 = Debug|Any CPU
		{997E8761-ECD8-4899-AA6E-812C9C53BFA4}.Release|Any CPU.ActiveCfg = Release|Any CPU
		{997E8761-ECD8-4899-AA6E-812C9C53BFA4}.Release|Any CPU.Build.0 = Release|Any CPU
	EndGlobalSection
EndGlobal
